// !$*UTF8*$!
{
	archiveVersion = 1;
	classes = {
	};
	objectVersion = 48;
	objects = {

/* Begin PBXBuildFile section */
		1B24DF8C2043E7E100ABC94C /* DetailViewController.swift in Sources */ = {isa = PBXBuildFile; fileRef = 1B24DF8B2043E7E100ABC94C /* DetailViewController.swift */; };
		1B3C1BE3203E52FE00648F02 /* ComposeViewController.swift in Sources */ = {isa = PBXBuildFile; fileRef = 1B3C1BE2203E52FE00648F02 /* ComposeViewController.swift */; };
		1B57FE01203B8E640035B257 /* LoginViewController.swift in Sources */ = {isa = PBXBuildFile; fileRef = 1B57FE00203B8E640035B257 /* LoginViewController.swift */; };
		1B93A9D22040C98B00C06533 /* Post.swift in Sources */ = {isa = PBXBuildFile; fileRef = 1B93A9D12040C98B00C06533 /* Post.swift */; };
		1B93A9D42040CE8E00C06533 /* PostCell.swift in Sources */ = {isa = PBXBuildFile; fileRef = 1B93A9D32040CE8E00C06533 /* PostCell.swift */; };
		1BB343AF203B8A8D0060F5EF /* AppDelegate.swift in Sources */ = {isa = PBXBuildFile; fileRef = 1BB343AE203B8A8D0060F5EF /* AppDelegate.swift */; };
		1BB343B4203B8A8D0060F5EF /* Main.storyboard in Resources */ = {isa = PBXBuildFile; fileRef = 1BB343B2203B8A8D0060F5EF /* Main.storyboard */; };
		1BB343B6203B8A8D0060F5EF /* Assets.xcassets in Resources */ = {isa = PBXBuildFile; fileRef = 1BB343B5203B8A8D0060F5EF /* Assets.xcassets */; };
		1BB343B9203B8A8D0060F5EF /* LaunchScreen.storyboard in Resources */ = {isa = PBXBuildFile; fileRef = 1BB343B7203B8A8D0060F5EF /* LaunchScreen.storyboard */; };
		1BB343C4203B8A8D0060F5EF /* InstagramTests.swift in Sources */ = {isa = PBXBuildFile; fileRef = 1BB343C3203B8A8D0060F5EF /* InstagramTests.swift */; };
		1BB343CF203B8A8E0060F5EF /* InstagramUITests.swift in Sources */ = {isa = PBXBuildFile; fileRef = 1BB343CE203B8A8E0060F5EF /* InstagramUITests.swift */; };
		1BCD3DD0203E25D300D2A1B0 /* AuthenticatedViewController.swift in Sources */ = {isa = PBXBuildFile; fileRef = 1BCD3DCF203E25D300D2A1B0 /* AuthenticatedViewController.swift */; };
		61004AF15DCB4D7C2C401C88 /* Pods_Instagram.framework in Frameworks */ = {isa = PBXBuildFile; fileRef = CEC494C3CF56FA35E0FC3A52 /* Pods_Instagram.framework */; };
		7A4E092F049EFDF43D2071DB /* Pods_InstagramUITests.framework in Frameworks */ = {isa = PBXBuildFile; fileRef = 72DC98378B13DA534D301396 /* Pods_InstagramUITests.framework */; };
		B414D6715F5F27BF0CECABB6 /* Pods_InstagramTests.framework in Frameworks */ = {isa = PBXBuildFile; fileRef = F8A09184A988C2620F635D0B /* Pods_InstagramTests.framework */; };
/* End PBXBuildFile section */

/* Begin PBXContainerItemProxy section */
		1BB343C0203B8A8D0060F5EF /* PBXContainerItemProxy */ = {
			isa = PBXContainerItemProxy;
			containerPortal = 1BB343A3203B8A8D0060F5EF /* Project object */;
			proxyType = 1;
			remoteGlobalIDString = 1BB343AA203B8A8D0060F5EF;
			remoteInfo = Instagram;
		};
		1BB343CB203B8A8D0060F5EF /* PBXContainerItemProxy */ = {
			isa = PBXContainerItemProxy;
			containerPortal = 1BB343A3203B8A8D0060F5EF /* Project object */;
			proxyType = 1;
			remoteGlobalIDString = 1BB343AA203B8A8D0060F5EF;
			remoteInfo = Instagram;
		};
/* End PBXContainerItemProxy section */

/* Begin PBXFileReference section */
		1B24DF8B2043E7E100ABC94C /* DetailViewController.swift */ = {isa = PBXFileReference; lastKnownFileType = sourcecode.swift; path = DetailViewController.swift; sourceTree = "<group>"; };
		1B3C1BE2203E52FE00648F02 /* ComposeViewController.swift */ = {isa = PBXFileReference; lastKnownFileType = sourcecode.swift; path = ComposeViewController.swift; sourceTree = "<group>"; };
		1B57FE00203B8E640035B257 /* LoginViewController.swift */ = {isa = PBXFileReference; lastKnownFileType = sourcecode.swift; path = LoginViewController.swift; sourceTree = "<group>"; };
		1B93A9D12040C98B00C06533 /* Post.swift */ = {isa = PBXFileReference; lastKnownFileType = sourcecode.swift; path = Post.swift; sourceTree = "<group>"; };
		1B93A9D32040CE8E00C06533 /* PostCell.swift */ = {isa = PBXFileReference; lastKnownFileType = sourcecode.swift; path = PostCell.swift; sourceTree = "<group>"; };
		1BB343AB203B8A8D0060F5EF /* Instagram.app */ = {isa = PBXFileReference; explicitFileType = wrapper.application; includeInIndex = 0; path = Instagram.app; sourceTree = BUILT_PRODUCTS_DIR; };
		1BB343AE203B8A8D0060F5EF /* AppDelegate.swift */ = {isa = PBXFileReference; lastKnownFileType = sourcecode.swift; path = AppDelegate.swift; sourceTree = "<group>"; };
		1BB343B3203B8A8D0060F5EF /* Base */ = {isa = PBXFileReference; lastKnownFileType = file.storyboard; name = Base; path = Base.lproj/Main.storyboard; sourceTree = "<group>"; };
		1BB343B5203B8A8D0060F5EF /* Assets.xcassets */ = {isa = PBXFileReference; lastKnownFileType = folder.assetcatalog; path = Assets.xcassets; sourceTree = "<group>"; };
		1BB343B8203B8A8D0060F5EF /* Base */ = {isa = PBXFileReference; lastKnownFileType = file.storyboard; name = Base; path = Base.lproj/LaunchScreen.storyboard; sourceTree = "<group>"; };
		1BB343BA203B8A8D0060F5EF /* Info.plist */ = {isa = PBXFileReference; lastKnownFileType = text.plist.xml; path = Info.plist; sourceTree = "<group>"; };
		1BB343BF203B8A8D0060F5EF /* InstagramTests.xctest */ = {isa = PBXFileReference; explicitFileType = wrapper.cfbundle; includeInIndex = 0; path = InstagramTests.xctest; sourceTree = BUILT_PRODUCTS_DIR; };
		1BB343C3203B8A8D0060F5EF /* InstagramTests.swift */ = {isa = PBXFileReference; lastKnownFileType = sourcecode.swift; path = InstagramTests.swift; sourceTree = "<group>"; };
		1BB343C5203B8A8D0060F5EF /* Info.plist */ = {isa = PBXFileReference; lastKnownFileType = text.plist.xml; path = Info.plist; sourceTree = "<group>"; };
		1BB343CA203B8A8D0060F5EF /* InstagramUITests.xctest */ = {isa = PBXFileReference; explicitFileType = wrapper.cfbundle; includeInIndex = 0; path = InstagramUITests.xctest; sourceTree = BUILT_PRODUCTS_DIR; };
		1BB343CE203B8A8E0060F5EF /* InstagramUITests.swift */ = {isa = PBXFileReference; lastKnownFileType = sourcecode.swift; path = InstagramUITests.swift; sourceTree = "<group>"; };
		1BB343D0203B8A8E0060F5EF /* Info.plist */ = {isa = PBXFileReference; lastKnownFileType = text.plist.xml; path = Info.plist; sourceTree = "<group>"; };
		1BCD3DCF203E25D300D2A1B0 /* AuthenticatedViewController.swift */ = {isa = PBXFileReference; lastKnownFileType = sourcecode.swift; path = AuthenticatedViewController.swift; sourceTree = "<group>"; };
		2FDA153566E520ABAB81BD55 /* Pods-InstagramUITests.debug.xcconfig */ = {isa = PBXFileReference; includeInIndex = 1; lastKnownFileType = text.xcconfig; name = "Pods-InstagramUITests.debug.xcconfig"; path = "Pods/Target Support Files/Pods-InstagramUITests/Pods-InstagramUITests.debug.xcconfig"; sourceTree = "<group>"; };
		5AFB2DE476F84ED8F2414C97 /* Pods-InstagramTests.debug.xcconfig */ = {isa = PBXFileReference; includeInIndex = 1; lastKnownFileType = text.xcconfig; name = "Pods-InstagramTests.debug.xcconfig"; path = "Pods/Target Support Files/Pods-InstagramTests/Pods-InstagramTests.debug.xcconfig"; sourceTree = "<group>"; };
		6B19E8360018EDAF8BA4E55E /* Pods-InstagramTests.release.xcconfig */ = {isa = PBXFileReference; includeInIndex = 1; lastKnownFileType = text.xcconfig; name = "Pods-InstagramTests.release.xcconfig"; path = "Pods/Target Support Files/Pods-InstagramTests/Pods-InstagramTests.release.xcconfig"; sourceTree = "<group>"; };
		72DC98378B13DA534D301396 /* Pods_InstagramUITests.framework */ = {isa = PBXFileReference; explicitFileType = wrapper.framework; includeInIndex = 0; path = Pods_InstagramUITests.framework; sourceTree = BUILT_PRODUCTS_DIR; };
		CEC494C3CF56FA35E0FC3A52 /* Pods_Instagram.framework */ = {isa = PBXFileReference; explicitFileType = wrapper.framework; includeInIndex = 0; path = Pods_Instagram.framework; sourceTree = BUILT_PRODUCTS_DIR; };
		DE7EE66E48280F54F51FC9AD /* Pods-Instagram.debug.xcconfig */ = {isa = PBXFileReference; includeInIndex = 1; lastKnownFileType = text.xcconfig; name = "Pods-Instagram.debug.xcconfig"; path = "Pods/Target Support Files/Pods-Instagram/Pods-Instagram.debug.xcconfig"; sourceTree = "<group>"; };
		E6FE070915A3F87919238041 /* Pods-InstagramUITests.release.xcconfig */ = {isa = PBXFileReference; includeInIndex = 1; lastKnownFileType = text.xcconfig; name = "Pods-InstagramUITests.release.xcconfig"; path = "Pods/Target Support Files/Pods-InstagramUITests/Pods-InstagramUITests.release.xcconfig"; sourceTree = "<group>"; };
		E8465812ECE9D4F591E14B50 /* Pods-Instagram.release.xcconfig */ = {isa = PBXFileReference; includeInIndex = 1; lastKnownFileType = text.xcconfig; name = "Pods-Instagram.release.xcconfig"; path = "Pods/Target Support Files/Pods-Instagram/Pods-Instagram.release.xcconfig"; sourceTree = "<group>"; };
		F8A09184A988C2620F635D0B /* Pods_InstagramTests.framework */ = {isa = PBXFileReference; explicitFileType = wrapper.framework; includeInIndex = 0; path = Pods_InstagramTests.framework; sourceTree = BUILT_PRODUCTS_DIR; };
/* End PBXFileReference section */

/* Begin PBXFrameworksBuildPhase section */
		1BB343A8203B8A8D0060F5EF /* Frameworks */ = {
			isa = PBXFrameworksBuildPhase;
			buildActionMask = 2147483647;
			files = (
				61004AF15DCB4D7C2C401C88 /* Pods_Instagram.framework in Frameworks */,
			);
			runOnlyForDeploymentPostprocessing = 0;
		};
		1BB343BC203B8A8D0060F5EF /* Frameworks */ = {
			isa = PBXFrameworksBuildPhase;
			buildActionMask = 2147483647;
			files = (
				B414D6715F5F27BF0CECABB6 /* Pods_InstagramTests.framework in Frameworks */,
			);
			runOnlyForDeploymentPostprocessing = 0;
		};
		1BB343C7203B8A8D0060F5EF /* Frameworks */ = {
			isa = PBXFrameworksBuildPhase;
			buildActionMask = 2147483647;
			files = (
				7A4E092F049EFDF43D2071DB /* Pods_InstagramUITests.framework in Frameworks */,
			);
			runOnlyForDeploymentPostprocessing = 0;
		};
/* End PBXFrameworksBuildPhase section */

/* Begin PBXGroup section */
		1A335DB484BA768D4CB5BA14 /* Pods */ = {
			isa = PBXGroup;
			children = (
				DE7EE66E48280F54F51FC9AD /* Pods-Instagram.debug.xcconfig */,
				E8465812ECE9D4F591E14B50 /* Pods-Instagram.release.xcconfig */,
				5AFB2DE476F84ED8F2414C97 /* Pods-InstagramTests.debug.xcconfig */,
				6B19E8360018EDAF8BA4E55E /* Pods-InstagramTests.release.xcconfig */,
				2FDA153566E520ABAB81BD55 /* Pods-InstagramUITests.debug.xcconfig */,
				E6FE070915A3F87919238041 /* Pods-InstagramUITests.release.xcconfig */,
			);
			name = Pods;
			sourceTree = "<group>";
		};
		1B3C1BE4203E530B00648F02 /* ViewControllers */ = {
			isa = PBXGroup;
			children = (
				1B57FE00203B8E640035B257 /* LoginViewController.swift */,
				1BCD3DCF203E25D300D2A1B0 /* AuthenticatedViewController.swift */,
				1B3C1BE2203E52FE00648F02 /* ComposeViewController.swift */,
				1B24DF8B2043E7E100ABC94C /* DetailViewController.swift */,
			);
			path = ViewControllers;
			sourceTree = "<group>";
		};
		1BB343A2203B8A8D0060F5EF = {
			isa = PBXGroup;
			children = (
				1BB343AD203B8A8D0060F5EF /* Instagram */,
				1BB343C2203B8A8D0060F5EF /* InstagramTests */,
				1BB343CD203B8A8D0060F5EF /* InstagramUITests */,
				1BB343AC203B8A8D0060F5EF /* Products */,
				1A335DB484BA768D4CB5BA14 /* Pods */,
				81410E4B664BAA1501217B11 /* Frameworks */,
			);
			sourceTree = "<group>";
		};
		1BB343AC203B8A8D0060F5EF /* Products */ = {
			isa = PBXGroup;
			children = (
				1BB343AB203B8A8D0060F5EF /* Instagram.app */,
				1BB343BF203B8A8D0060F5EF /* InstagramTests.xctest */,
				1BB343CA203B8A8D0060F5EF /* InstagramUITests.xctest */,
			);
			name = Products;
			sourceTree = "<group>";
		};
		1BB343AD203B8A8D0060F5EF /* Instagram */ = {
			isa = PBXGroup;
			children = (
				1B3C1BE4203E530B00648F02 /* ViewControllers */,
				1BB343AE203B8A8D0060F5EF /* AppDelegate.swift */,
				1BB343B2203B8A8D0060F5EF /* Main.storyboard */,
				1BB343B5203B8A8D0060F5EF /* Assets.xcassets */,
				1BB343B7203B8A8D0060F5EF /* LaunchScreen.storyboard */,
				1BB343BA203B8A8D0060F5EF /* Info.plist */,
				1B93A9D12040C98B00C06533 /* Post.swift */,
				1B93A9D32040CE8E00C06533 /* PostCell.swift */,
			);
			path = Instagram;
			sourceTree = "<group>";
		};
		1BB343C2203B8A8D0060F5EF /* InstagramTests */ = {
			isa = PBXGroup;
			children = (
				1BB343C3203B8A8D0060F5EF /* InstagramTests.swift */,
				1BB343C5203B8A8D0060F5EF /* Info.plist */,
			);
			path = InstagramTests;
			sourceTree = "<group>";
		};
		1BB343CD203B8A8D0060F5EF /* InstagramUITests */ = {
			isa = PBXGroup;
			children = (
				1BB343CE203B8A8E0060F5EF /* InstagramUITests.swift */,
				1BB343D0203B8A8E0060F5EF /* Info.plist */,
			);
			path = InstagramUITests;
			sourceTree = "<group>";
		};
		81410E4B664BAA1501217B11 /* Frameworks */ = {
			isa = PBXGroup;
			children = (
				CEC494C3CF56FA35E0FC3A52 /* Pods_Instagram.framework */,
				F8A09184A988C2620F635D0B /* Pods_InstagramTests.framework */,
				72DC98378B13DA534D301396 /* Pods_InstagramUITests.framework */,
			);
			name = Frameworks;
			sourceTree = "<group>";
		};
/* End PBXGroup section */

/* Begin PBXNativeTarget section */
		1BB343AA203B8A8D0060F5EF /* Instagram */ = {
			isa = PBXNativeTarget;
			buildConfigurationList = 1BB343D3203B8A8E0060F5EF /* Build configuration list for PBXNativeTarget "Instagram" */;
			buildPhases = (
				F28C230E7004B12D4A62EE30 /* [CP] Check Pods Manifest.lock */,
				1BB343A7203B8A8D0060F5EF /* Sources */,
				1BB343A8203B8A8D0060F5EF /* Frameworks */,
				1BB343A9203B8A8D0060F5EF /* Resources */,
				A30131B0C8268E9F8192F50A /* [CP] Embed Pods Frameworks */,
				F689A2EDCD866BF5F5CD8DCC /* [CP] Copy Pods Resources */,
			);
			buildRules = (
			);
			dependencies = (
			);
			name = Instagram;
			productName = Instagram;
			productReference = 1BB343AB203B8A8D0060F5EF /* Instagram.app */;
			productType = "com.apple.product-type.application";
		};
		1BB343BE203B8A8D0060F5EF /* InstagramTests */ = {
			isa = PBXNativeTarget;
			buildConfigurationList = 1BB343D6203B8A8E0060F5EF /* Build configuration list for PBXNativeTarget "InstagramTests" */;
			buildPhases = (
				DB6D170FE1A0DCFB6A4A0E70 /* [CP] Check Pods Manifest.lock */,
				1BB343BB203B8A8D0060F5EF /* Sources */,
				1BB343BC203B8A8D0060F5EF /* Frameworks */,
				1BB343BD203B8A8D0060F5EF /* Resources */,
				A3ED902FD31431269C8F9948 /* [CP] Embed Pods Frameworks */,
				8DD597FB8E8E5802B2D22160 /* [CP] Copy Pods Resources */,
			);
			buildRules = (
			);
			dependencies = (
				1BB343C1203B8A8D0060F5EF /* PBXTargetDependency */,
			);
			name = InstagramTests;
			productName = InstagramTests;
			productReference = 1BB343BF203B8A8D0060F5EF /* InstagramTests.xctest */;
			productType = "com.apple.product-type.bundle.unit-test";
		};
		1BB343C9203B8A8D0060F5EF /* InstagramUITests */ = {
			isa = PBXNativeTarget;
			buildConfigurationList = 1BB343D9203B8A8E0060F5EF /* Build configuration list for PBXNativeTarget "InstagramUITests" */;
			buildPhases = (
				B4270B72A65FFB16BDF61305 /* [CP] Check Pods Manifest.lock */,
				1BB343C6203B8A8D0060F5EF /* Sources */,
				1BB343C7203B8A8D0060F5EF /* Frameworks */,
				1BB343C8203B8A8D0060F5EF /* Resources */,
				71B2F49028A4D455526D2F42 /* [CP] Embed Pods Frameworks */,
				210B9C49B3597E4F1CF1E4EB /* [CP] Copy Pods Resources */,
			);
			buildRules = (
			);
			dependencies = (
				1BB343CC203B8A8D0060F5EF /* PBXTargetDependency */,
			);
			name = InstagramUITests;
			productName = InstagramUITests;
			productReference = 1BB343CA203B8A8D0060F5EF /* InstagramUITests.xctest */;
			productType = "com.apple.product-type.bundle.ui-testing";
		};
/* End PBXNativeTarget section */

/* Begin PBXProject section */
		1BB343A3203B8A8D0060F5EF /* Project object */ = {
			isa = PBXProject;
			attributes = {
				LastSwiftUpdateCheck = 0920;
				LastUpgradeCheck = 0920;
				ORGANIZATIONNAME = "Honorio Vega";
				TargetAttributes = {
					1BB343AA203B8A8D0060F5EF = {
						CreatedOnToolsVersion = 9.2;
						ProvisioningStyle = Automatic;
					};
					1BB343BE203B8A8D0060F5EF = {
						CreatedOnToolsVersion = 9.2;
						ProvisioningStyle = Automatic;
						TestTargetID = 1BB343AA203B8A8D0060F5EF;
					};
					1BB343C9203B8A8D0060F5EF = {
						CreatedOnToolsVersion = 9.2;
						ProvisioningStyle = Automatic;
						TestTargetID = 1BB343AA203B8A8D0060F5EF;
					};
				};
			};
			buildConfigurationList = 1BB343A6203B8A8D0060F5EF /* Build configuration list for PBXProject "Instagram" */;
			compatibilityVersion = "Xcode 8.0";
			developmentRegion = en;
			hasScannedForEncodings = 0;
			knownRegions = (
				en,
				Base,
			);
			mainGroup = 1BB343A2203B8A8D0060F5EF;
			productRefGroup = 1BB343AC203B8A8D0060F5EF /* Products */;
			projectDirPath = "";
			projectRoot = "";
			targets = (
				1BB343AA203B8A8D0060F5EF /* Instagram */,
				1BB343BE203B8A8D0060F5EF /* InstagramTests */,
				1BB343C9203B8A8D0060F5EF /* InstagramUITests */,
			);
		};
/* End PBXProject section */

/* Begin PBXResourcesBuildPhase section */
		1BB343A9203B8A8D0060F5EF /* Resources */ = {
			isa = PBXResourcesBuildPhase;
			buildActionMask = 2147483647;
			files = (
				1BB343B9203B8A8D0060F5EF /* LaunchScreen.storyboard in Resources */,
				1BB343B6203B8A8D0060F5EF /* Assets.xcassets in Resources */,
				1BB343B4203B8A8D0060F5EF /* Main.storyboard in Resources */,
			);
			runOnlyForDeploymentPostprocessing = 0;
		};
		1BB343BD203B8A8D0060F5EF /* Resources */ = {
			isa = PBXResourcesBuildPhase;
			buildActionMask = 2147483647;
			files = (
			);
			runOnlyForDeploymentPostprocessing = 0;
		};
		1BB343C8203B8A8D0060F5EF /* Resources */ = {
			isa = PBXResourcesBuildPhase;
			buildActionMask = 2147483647;
			files = (
			);
			runOnlyForDeploymentPostprocessing = 0;
		};
/* End PBXResourcesBuildPhase section */

/* Begin PBXShellScriptBuildPhase section */
		210B9C49B3597E4F1CF1E4EB /* [CP] Copy Pods Resources */ = {
			isa = PBXShellScriptBuildPhase;
			buildActionMask = 2147483647;
			files = (
			);
			inputPaths = (
			);
			name = "[CP] Copy Pods Resources";
			outputPaths = (
			);
			runOnlyForDeploymentPostprocessing = 0;
			shellPath = /bin/sh;
			shellScript = "\"${SRCROOT}/Pods/Target Support Files/Pods-InstagramUITests/Pods-InstagramUITests-resources.sh\"\n";
			showEnvVarsInLog = 0;
		};
		71B2F49028A4D455526D2F42 /* [CP] Embed Pods Frameworks */ = {
			isa = PBXShellScriptBuildPhase;
			buildActionMask = 2147483647;
			files = (
			);
			inputPaths = (
			);
			name = "[CP] Embed Pods Frameworks";
			outputPaths = (
			);
			runOnlyForDeploymentPostprocessing = 0;
			shellPath = /bin/sh;
			shellScript = "\"${SRCROOT}/Pods/Target Support Files/Pods-InstagramUITests/Pods-InstagramUITests-frameworks.sh\"\n";
			showEnvVarsInLog = 0;
		};
		8DD597FB8E8E5802B2D22160 /* [CP] Copy Pods Resources */ = {
			isa = PBXShellScriptBuildPhase;
			buildActionMask = 2147483647;
			files = (
			);
			inputPaths = (
			);
			name = "[CP] Copy Pods Resources";
			outputPaths = (
			);
			runOnlyForDeploymentPostprocessing = 0;
			shellPath = /bin/sh;
			shellScript = "\"${SRCROOT}/Pods/Target Support Files/Pods-InstagramTests/Pods-InstagramTests-resources.sh\"\n";
			showEnvVarsInLog = 0;
		};
		A30131B0C8268E9F8192F50A /* [CP] Embed Pods Frameworks */ = {
			isa = PBXShellScriptBuildPhase;
			buildActionMask = 2147483647;
			files = (
			);
			inputPaths = (
				"${SRCROOT}/Pods/Target Support Files/Pods-Instagram/Pods-Instagram-frameworks.sh",
				"${BUILT_PRODUCTS_DIR}/Alamofire/Alamofire.framework",
				"${BUILT_PRODUCTS_DIR}/AlamofireImage/AlamofireImage.framework",
				"${BUILT_PRODUCTS_DIR}/Bolts/Bolts.framework",
				"${BUILT_PRODUCTS_DIR}/Parse/Parse.framework",
				"${BUILT_PRODUCTS_DIR}/ParseUI/ParseUI.framework",
			);
			name = "[CP] Embed Pods Frameworks";
			outputPaths = (
				"${TARGET_BUILD_DIR}/${FRAMEWORKS_FOLDER_PATH}/Alamofire.framework",
				"${TARGET_BUILD_DIR}/${FRAMEWORKS_FOLDER_PATH}/AlamofireImage.framework",
				"${TARGET_BUILD_DIR}/${FRAMEWORKS_FOLDER_PATH}/Bolts.framework",
				"${TARGET_BUILD_DIR}/${FRAMEWORKS_FOLDER_PATH}/Parse.framework",
				"${TARGET_BUILD_DIR}/${FRAMEWORKS_FOLDER_PATH}/ParseUI.framework",
			);
			runOnlyForDeploymentPostprocessing = 0;
			shellPath = /bin/sh;
			shellScript = "\"${SRCROOT}/Pods/Target Support Files/Pods-Instagram/Pods-Instagram-frameworks.sh\"\n";
			showEnvVarsInLog = 0;
		};
		A3ED902FD31431269C8F9948 /* [CP] Embed Pods Frameworks */ = {
			isa = PBXShellScriptBuildPhase;
			buildActionMask = 2147483647;
			files = (
			);
			inputPaths = (
			);
			name = "[CP] Embed Pods Frameworks";
			outputPaths = (
			);
			runOnlyForDeploymentPostprocessing = 0;
			shellPath = /bin/sh;
			shellScript = "\"${SRCROOT}/Pods/Target Support Files/Pods-InstagramTests/Pods-InstagramTests-frameworks.sh\"\n";
			showEnvVarsInLog = 0;
		};
		B4270B72A65FFB16BDF61305 /* [CP] Check Pods Manifest.lock */ = {
			isa = PBXShellScriptBuildPhase;
			buildActionMask = 2147483647;
			files = (
			);
			inputPaths = (
				"${PODS_PODFILE_DIR_PATH}/Podfile.lock",
				"${PODS_ROOT}/Manifest.lock",
			);
			name = "[CP] Check Pods Manifest.lock";
			outputPaths = (
				"$(DERIVED_FILE_DIR)/Pods-InstagramUITests-checkManifestLockResult.txt",
			);
			runOnlyForDeploymentPostprocessing = 0;
			shellPath = /bin/sh;
			shellScript = "diff \"${PODS_PODFILE_DIR_PATH}/Podfile.lock\" \"${PODS_ROOT}/Manifest.lock\" > /dev/null\nif [ $? != 0 ] ; then\n    # print error to STDERR\n    echo \"error: The sandbox is not in sync with the Podfile.lock. Run 'pod install' or update your CocoaPods installation.\" >&2\n    exit 1\nfi\n# This output is used by Xcode 'outputs' to avoid re-running this script phase.\necho \"SUCCESS\" > \"${SCRIPT_OUTPUT_FILE_0}\"\n";
			showEnvVarsInLog = 0;
		};
		DB6D170FE1A0DCFB6A4A0E70 /* [CP] Check Pods Manifest.lock */ = {
			isa = PBXShellScriptBuildPhase;
			buildActionMask = 2147483647;
			files = (
			);
			inputPaths = (
				"${PODS_PODFILE_DIR_PATH}/Podfile.lock",
				"${PODS_ROOT}/Manifest.lock",
			);
			name = "[CP] Check Pods Manifest.lock";
			outputPaths = (
				"$(DERIVED_FILE_DIR)/Pods-InstagramTests-checkManifestLockResult.txt",
			);
			runOnlyForDeploymentPostprocessing = 0;
			shellPath = /bin/sh;
			shellScript = "diff \"${PODS_PODFILE_DIR_PATH}/Podfile.lock\" \"${PODS_ROOT}/Manifest.lock\" > /dev/null\nif [ $? != 0 ] ; then\n    # print error to STDERR\n    echo \"error: The sandbox is not in sync with the Podfile.lock. Run 'pod install' or update your CocoaPods installation.\" >&2\n    exit 1\nfi\n# This output is used by Xcode 'outputs' to avoid re-running this script phase.\necho \"SUCCESS\" > \"${SCRIPT_OUTPUT_FILE_0}\"\n";
			showEnvVarsInLog = 0;
		};
		F28C230E7004B12D4A62EE30 /* [CP] Check Pods Manifest.lock */ = {
			isa = PBXShellScriptBuildPhase;
			buildActionMask = 2147483647;
			files = (
			);
			inputPaths = (
				"${PODS_PODFILE_DIR_PATH}/Podfile.lock",
				"${PODS_ROOT}/Manifest.lock",
			);
			name = "[CP] Check Pods Manifest.lock";
			outputPaths = (
				"$(DERIVED_FILE_DIR)/Pods-Instagram-checkManifestLockResult.txt",
			);
			runOnlyForDeploymentPostprocessing = 0;
			shellPath = /bin/sh;
			shellScript = "diff \"${PODS_PODFILE_DIR_PATH}/Podfile.lock\" \"${PODS_ROOT}/Manifest.lock\" > /dev/null\nif [ $? != 0 ] ; then\n    # print error to STDERR\n    echo \"error: The sandbox is not in sync with the Podfile.lock. Run 'pod install' or update your CocoaPods installation.\" >&2\n    exit 1\nfi\n# This output is used by Xcode 'outputs' to avoid re-running this script phase.\necho \"SUCCESS\" > \"${SCRIPT_OUTPUT_FILE_0}\"\n";
			showEnvVarsInLog = 0;
		};
		F689A2EDCD866BF5F5CD8DCC /* [CP] Copy Pods Resources */ = {
			isa = PBXShellScriptBuildPhase;
			buildActionMask = 2147483647;
			files = (
			);
			inputPaths = (
			);
			name = "[CP] Copy Pods Resources";
			outputPaths = (
			);
			runOnlyForDeploymentPostprocessing = 0;
			shellPath = /bin/sh;
			shellScript = "\"${SRCROOT}/Pods/Target Support Files/Pods-Instagram/Pods-Instagram-resources.sh\"\n";
			showEnvVarsInLog = 0;
		};
/* End PBXShellScriptBuildPhase section */

/* Begin PBXSourcesBuildPhase section */
		1BB343A7203B8A8D0060F5EF /* Sources */ = {
			isa = PBXSourcesBuildPhase;
			buildActionMask = 2147483647;
			files = (
				1B3C1BE3203E52FE00648F02 /* ComposeViewController.swift in Sources */,
				1B57FE01203B8E640035B257 /* LoginViewController.swift in Sources */,
				1BCD3DD0203E25D300D2A1B0 /* AuthenticatedViewController.swift in Sources */,
				1B93A9D42040CE8E00C06533 /* PostCell.swift in Sources */,
				1BB343AF203B8A8D0060F5EF /* AppDelegate.swift in Sources */,
				1B93A9D22040C98B00C06533 /* Post.swift in Sources */,
				1B24DF8C2043E7E100ABC94C /* DetailViewController.swift in Sources */,
			);
			runOnlyForDeploymentPostprocessing = 0;
		};
		1BB343BB203B8A8D0060F5EF /* Sources */ = {
			isa = PBXSourcesBuildPhase;
			buildActionMask = 2147483647;
			files = (
				1BB343C4203B8A8D0060F5EF /* InstagramTests.swift in Sources */,
			);
			runOnlyForDeploymentPostprocessing = 0;
		};
		1BB343C6203B8A8D0060F5EF /* Sources */ = {
			isa = PBXSourcesBuildPhase;
			buildActionMask = 2147483647;
			files = (
				1BB343CF203B8A8E0060F5EF /* InstagramUITests.swift in Sources */,
			);
			runOnlyForDeploymentPostprocessing = 0;
		};
/* End PBXSourcesBuildPhase section */

/* Begin PBXTargetDependency section */
		1BB343C1203B8A8D0060F5EF /* PBXTargetDependency */ = {
			isa = PBXTargetDependency;
			target = 1BB343AA203B8A8D0060F5EF /* Instagram */;
			targetProxy = 1BB343C0203B8A8D0060F5EF /* PBXContainerItemProxy */;
		};
		1BB343CC203B8A8D0060F5EF /* PBXTargetDependency */ = {
			isa = PBXTargetDependency;
			target = 1BB343AA203B8A8D0060F5EF /* Instagram */;
			targetProxy = 1BB343CB203B8A8D0060F5EF /* PBXContainerItemProxy */;
		};
/* End PBXTargetDependency section */

/* Begin PBXVariantGroup section */
		1BB343B2203B8A8D0060F5EF /* Main.storyboard */ = {
			isa = PBXVariantGroup;
			children = (
				1BB343B3203B8A8D0060F5EF /* Base */,
			);
			name = Main.storyboard;
			sourceTree = "<group>";
		};
		1BB343B7203B8A8D0060F5EF /* LaunchScreen.storyboard */ = {
			isa = PBXVariantGroup;
			children = (
				1BB343B8203B8A8D0060F5EF /* Base */,
			);
			name = LaunchScreen.storyboard;
			sourceTree = "<group>";
		};
/* End PBXVariantGroup section */

/* Begin XCBuildConfiguration section */
		1BB343D1203B8A8E0060F5EF /* Debug */ = {
			isa = XCBuildConfiguration;
			buildSettings = {
				ALWAYS_SEARCH_USER_PATHS = NO;
				CLANG_ANALYZER_NONNULL = YES;
				CLANG_ANALYZER_NUMBER_OBJECT_CONVERSION = YES_AGGRESSIVE;
				CLANG_CXX_LANGUAGE_STANDARD = "gnu++14";
				CLANG_CXX_LIBRARY = "libc++";
				CLANG_ENABLE_MODULES = YES;
				CLANG_ENABLE_OBJC_ARC = YES;
				CLANG_WARN_BLOCK_CAPTURE_AUTORELEASING = YES;
				CLANG_WARN_BOOL_CONVERSION = YES;
				CLANG_WARN_COMMA = YES;
				CLANG_WARN_CONSTANT_CONVERSION = YES;
				CLANG_WARN_DIRECT_OBJC_ISA_USAGE = YES_ERROR;
				CLANG_WARN_DOCUMENTATION_COMMENTS = YES;
				CLANG_WARN_EMPTY_BODY = YES;
				CLANG_WARN_ENUM_CONVERSION = YES;
				CLANG_WARN_INFINITE_RECURSION = YES;
				CLANG_WARN_INT_CONVERSION = YES;
				CLANG_WARN_NON_LITERAL_NULL_CONVERSION = YES;
				CLANG_WARN_OBJC_LITERAL_CONVERSION = YES;
				CLANG_WARN_OBJC_ROOT_CLASS = YES_ERROR;
				CLANG_WARN_RANGE_LOOP_ANALYSIS = YES;
				CLANG_WARN_STRICT_PROTOTYPES = YES;
				CLANG_WARN_SUSPICIOUS_MOVE = YES;
				CLANG_WARN_UNGUARDED_AVAILABILITY = YES_AGGRESSIVE;
				CLANG_WARN_UNREACHABLE_CODE = YES;
				CLANG_WARN__DUPLICATE_METHOD_MATCH = YES;
				CODE_SIGN_IDENTITY = "iPhone Developer";
				COPY_PHASE_STRIP = NO;
				DEBUG_INFORMATION_FORMAT = dwarf;
				ENABLE_STRICT_OBJC_MSGSEND = YES;
				ENABLE_TESTABILITY = YES;
				GCC_C_LANGUAGE_STANDARD = gnu11;
				GCC_DYNAMIC_NO_PIC = NO;
				GCC_NO_COMMON_BLOCKS = YES;
				GCC_OPTIMIZATION_LEVEL = 0;
				GCC_PREPROCESSOR_DEFINITIONS = (
					"DEBUG=1",
					"$(inherited)",
				);
				GCC_WARN_64_TO_32_BIT_CONVERSION = YES;
				GCC_WARN_ABOUT_RETURN_TYPE = YES_ERROR;
				GCC_WARN_UNDECLARED_SELECTOR = YES;
				GCC_WARN_UNINITIALIZED_AUTOS = YES_AGGRESSIVE;
				GCC_WARN_UNUSED_FUNCTION = YES;
				GCC_WARN_UNUSED_VARIABLE = YES;
				IPHONEOS_DEPLOYMENT_TARGET = 11.2;
				MTL_ENABLE_DEBUG_INFO = YES;
				ONLY_ACTIVE_ARCH = YES;
				SDKROOT = iphoneos;
				SWIFT_ACTIVE_COMPILATION_CONDITIONS = DEBUG;
				SWIFT_OPTIMIZATION_LEVEL = "-Onone";
			};
			name = Debug;
		};
		1BB343D2203B8A8E0060F5EF /* Release */ = {
			isa = XCBuildConfiguration;
			buildSettings = {
				ALWAYS_SEARCH_USER_PATHS = NO;
				CLANG_ANALYZER_NONNULL = YES;
				CLANG_ANALYZER_NUMBER_OBJECT_CONVERSION = YES_AGGRESSIVE;
				CLANG_CXX_LANGUAGE_STANDARD = "gnu++14";
				CLANG_CXX_LIBRARY = "libc++";
				CLANG_ENABLE_MODULES = YES;
				CLANG_ENABLE_OBJC_ARC = YES;
				CLANG_WARN_BLOCK_CAPTURE_AUTORELEASING = YES;
				CLANG_WARN_BOOL_CONVERSION = YES;
				CLANG_WARN_COMMA = YES;
				CLANG_WARN_CONSTANT_CONVERSION = YES;
				CLANG_WARN_DIRECT_OBJC_ISA_USAGE = YES_ERROR;
				CLANG_WARN_DOCUMENTATION_COMMENTS = YES;
				CLANG_WARN_EMPTY_BODY = YES;
				CLANG_WARN_ENUM_CONVERSION = YES;
				CLANG_WARN_INFINITE_RECURSION = YES;
				CLANG_WARN_INT_CONVERSION = YES;
				CLANG_WARN_NON_LITERAL_NULL_CONVERSION = YES;
				CLANG_WARN_OBJC_LITERAL_CONVERSION = YES;
				CLANG_WARN_OBJC_ROOT_CLASS = YES_ERROR;
				CLANG_WARN_RANGE_LOOP_ANALYSIS = YES;
				CLANG_WARN_STRICT_PROTOTYPES = YES;
				CLANG_WARN_SUSPICIOUS_MOVE = YES;
				CLANG_WARN_UNGUARDED_AVAILABILITY = YES_AGGRESSIVE;
				CLANG_WARN_UNREACHABLE_CODE = YES;
				CLANG_WARN__DUPLICATE_METHOD_MATCH = YES;
				CODE_SIGN_IDENTITY = "iPhone Developer";
				COPY_PHASE_STRIP = NO;
				DEBUG_INFORMATION_FORMAT = "dwarf-with-dsym";
				ENABLE_NS_ASSERTIONS = NO;
				ENABLE_STRICT_OBJC_MSGSEND = YES;
				GCC_C_LANGUAGE_STANDARD = gnu11;
				GCC_NO_COMMON_BLOCKS = YES;
				GCC_WARN_64_TO_32_BIT_CONVERSION = YES;
				GCC_WARN_ABOUT_RETURN_TYPE = YES_ERROR;
				GCC_WARN_UNDECLARED_SELECTOR = YES;
				GCC_WARN_UNINITIALIZED_AUTOS = YES_AGGRESSIVE;
				GCC_WARN_UNUSED_FUNCTION = YES;
				GCC_WARN_UNUSED_VARIABLE = YES;
				IPHONEOS_DEPLOYMENT_TARGET = 11.2;
				MTL_ENABLE_DEBUG_INFO = NO;
				SDKROOT = iphoneos;
				SWIFT_OPTIMIZATION_LEVEL = "-Owholemodule";
				VALIDATE_PRODUCT = YES;
			};
			name = Release;
		};
		1BB343D4203B8A8E0060F5EF /* Debug */ = {
			isa = XCBuildConfiguration;
			baseConfigurationReference = DE7EE66E48280F54F51FC9AD /* Pods-Instagram.debug.xcconfig */;
			buildSettings = {
				ASSETCATALOG_COMPILER_APPICON_NAME = AppIcon;
				CODE_SIGN_STYLE = Automatic;
				DEVELOPMENT_TEAM = 83396UHVRC;
				INFOPLIST_FILE = Instagram/Info.plist;
				LD_RUNPATH_SEARCH_PATHS = "$(inherited) @executable_path/Frameworks";
				PRODUCT_BUNDLE_IDENTIFIER = com.honoriovega.Instagram;
				PRODUCT_NAME = "$(TARGET_NAME)";
				SWIFT_VERSION = 4.0;
				TARGETED_DEVICE_FAMILY = "1,2";
			};
			name = Debug;
		};
		1BB343D5203B8A8E0060F5EF /* Release */ = {
			isa = XCBuildConfiguration;
			baseConfigurationReference = E8465812ECE9D4F591E14B50 /* Pods-Instagram.release.xcconfig */;
			buildSettings = {
				ASSETCATALOG_COMPILER_APPICON_NAME = AppIcon;
				CODE_SIGN_STYLE = Automatic;
				DEVELOPMENT_TEAM = 83396UHVRC;
				INFOPLIST_FILE = Instagram/Info.plist;
				LD_RUNPATH_SEARCH_PATHS = "$(inherited) @executable_path/Frameworks";
				PRODUCT_BUNDLE_IDENTIFIER = com.honoriovega.Instagram;
				PRODUCT_NAME = "$(TARGET_NAME)";
				SWIFT_VERSION = 4.0;
				TARGETED_DEVICE_FAMILY = "1,2";
			};
			name = Release;
		};
		1BB343D7203B8A8E0060F5EF /* Debug */ = {
			isa = XCBuildConfiguration;
			baseConfigurationReference = 5AFB2DE476F84ED8F2414C97 /* Pods-InstagramTests.debug.xcconfig */;
			buildSettings = {
				ALWAYS_EMBED_SWIFT_STANDARD_LIBRARIES = YES;
				BUNDLE_LOADER = "$(TEST_HOST)";
				CODE_SIGN_STYLE = Automatic;
				INFOPLIST_FILE = InstagramTests/Info.plist;
				LD_RUNPATH_SEARCH_PATHS = "$(inherited) @executable_path/Frameworks @loader_path/Frameworks";
				PRODUCT_BUNDLE_IDENTIFIER = com.honoriovega.InstagramTests;
				PRODUCT_NAME = "$(TARGET_NAME)";
				SWIFT_VERSION = 4.0;
				TARGETED_DEVICE_FAMILY = "1,2";
				TEST_HOST = "$(BUILT_PRODUCTS_DIR)/Instagram.app/Instagram";
			};
			name = Debug;
		};
		1BB343D8203B8A8E0060F5EF /* Release */ = {
			isa = XCBuildConfiguration;
			baseConfigurationReference = 6B19E8360018EDAF8BA4E55E /* Pods-InstagramTests.release.xcconfig */;
			buildSettings = {
				ALWAYS_EMBED_SWIFT_STANDARD_LIBRARIES = YES;
				BUNDLE_LOADER = "$(TEST_HOST)";
				CODE_SIGN_STYLE = Automatic;
				INFOPLIST_FILE = InstagramTests/Info.plist;
				LD_RUNPATH_SEARCH_PATHS = "$(inherited) @executable_path/Frameworks @loader_path/Frameworks";
				PRODUCT_BUNDLE_IDENTIFIER = com.honoriovega.InstagramTests;
				PRODUCT_NAME = "$(TARGET_NAME)";
				SWIFT_VERSION = 4.0;
				TARGETED_DEVICE_FAMILY = "1,2";
				TEST_HOST = "$(BUILT_PRODUCTS_DIR)/Instagram.app/Instagram";
			};
			name = Release;
		};
		1BB343DA203B8A8E0060F5EF /* Debug */ = {
			isa = XCBuildConfiguration;
			baseConfigurationReference = 2FDA153566E520ABAB81BD55 /* Pods-InstagramUITests.debug.xcconfig */;
			buildSettings = {
				ALWAYS_EMBED_SWIFT_STANDARD_LIBRARIES = YES;
				CODE_SIGN_STYLE = Automatic;
				INFOPLIST_FILE = InstagramUITests/Info.plist;
				LD_RUNPATH_SEARCH_PATHS = "$(inherited) @executable_path/Frameworks @loader_path/Frameworks";
				PRODUCT_BUNDLE_IDENTIFIER = com.honoriovega.InstagramUITests;
				PRODUCT_NAME = "$(TARGET_NAME)";
				SWIFT_VERSION = 4.0;
				TARGETED_DEVICE_FAMILY = "1,2";
				TEST_TARGET_NAME = Instagram;
			};
			name = Debug;
		};
		1BB343DB203B8A8E0060F5EF /* Release */ = {
			isa = XCBuildConfiguration;
			baseConfigurationReference = E6FE070915A3F87919238041 /* Pods-InstagramUITests.release.xcconfig */;
			buildSettings = {
				ALWAYS_EMBED_SWIFT_STANDARD_LIBRARIES = YES;
				CODE_SIGN_STYLE = Automatic;
				INFOPLIST_FILE = InstagramUITests/Info.plist;
				LD_RUNPATH_SEARCH_PATHS = "$(inherited) @executable_path/Frameworks @loader_path/Frameworks";
				PRODUCT_BUNDLE_IDENTIFIER = com.honoriovega.InstagramUITests;
				PRODUCT_NAME = "$(TARGET_NAME)";
				SWIFT_VERSION = 4.0;
				TARGETED_DEVICE_FAMILY = "1,2";
				TEST_TARGET_NAME = Instagram;
			};
			name = Release;
		};
/* End XCBuildConfiguration section */

/* Begin XCConfigurationList section */
		1BB343A6203B8A8D0060F5EF /* Build configuration list for PBXProject "Instagram" */ = {
			isa = XCConfigurationList;
			buildConfigurations = (
				1BB343D1203B8A8E0060F5EF /* Debug */,
				1BB343D2203B8A8E0060F5EF /* Release */,
			);
			defaultConfigurationIsVisible = 0;
			defaultConfigurationName = Release;
		};
		1BB343D3203B8A8E0060F5EF /* Build configuration list for PBXNativeTarget "Instagram" */ = {
			isa = XCConfigurationList;
			buildConfigurations = (
				1BB343D4203B8A8E0060F5EF /* Debug */,
				1BB343D5203B8A8E0060F5EF /* Release */,
			);
			defaultConfigurationIsVisible = 0;
			defaultConfigurationName = Release;
		};
		1BB343D6203B8A8E0060F5EF /* Build configuration list for PBXNativeTarget "InstagramTests" */ = {
			isa = XCConfigurationList;
			buildConfigurations = (
				1BB343D7203B8A8E0060F5EF /* Debug */,
				1BB343D8203B8A8E0060F5EF /* Release */,
			);
			defaultConfigurationIsVisible = 0;
			defaultConfigurationName = Release;
		};
		1BB343D9203B8A8E0060F5EF /* Build configuration list for PBXNativeTarget "InstagramUITests" */ = {
			isa = XCConfigurationList;
			buildConfigurations = (
				1BB343DA203B8A8E0060F5EF /* Debug */,
				1BB343DB203B8A8E0060F5EF /* Release */,
			);
			defaultConfigurationIsVisible = 0;
			defaultConfigurationName = Release;
		};
/* End XCConfigurationList section */
	};
	rootObject = 1BB343A3203B8A8D0060F5EF /* Project object */;
}
